// !$*UTF8*$!
{
	archiveVersion = 1;
	classes = {
	};
	objectVersion = 50;
	objects = {

/* Begin PBXBuildFile section */
		B7A12AE422ECF057000E9EF6 /* AppDelegate.swift in Sources */ = {isa = PBXBuildFile; fileRef = B7A12AE322ECF057000E9EF6 /* AppDelegate.swift */; };
		B7A12AE622ECF057000E9EF6 /* ViewController.swift in Sources */ = {isa = PBXBuildFile; fileRef = B7A12AE522ECF057000E9EF6 /* ViewController.swift */; };
		B7A12AE922ECF057000E9EF6 /* Main.storyboard in Resources */ = {isa = PBXBuildFile; fileRef = B7A12AE722ECF057000E9EF6 /* Main.storyboard */; };
		B7A12AEC22ECF057000E9EF6 /* MiAguilaTransport.xcdatamodeld in Sources */ = {isa = PBXBuildFile; fileRef = B7A12AEA22ECF057000E9EF6 /* MiAguilaTransport.xcdatamodeld */; };
		B7A12AEE22ECF058000E9EF6 /* Assets.xcassets in Resources */ = {isa = PBXBuildFile; fileRef = B7A12AED22ECF058000E9EF6 /* Assets.xcassets */; };
		B7A12AF122ECF058000E9EF6 /* LaunchScreen.storyboard in Resources */ = {isa = PBXBuildFile; fileRef = B7A12AEF22ECF058000E9EF6 /* LaunchScreen.storyboard */; };
		B7A12AFC22ECF058000E9EF6 /* MiAguilaTransportTests.swift in Sources */ = {isa = PBXBuildFile; fileRef = B7A12AFB22ECF058000E9EF6 /* MiAguilaTransportTests.swift */; };
		B7A12B0722ECF058000E9EF6 /* MiAguilaTransportUITests.swift in Sources */ = {isa = PBXBuildFile; fileRef = B7A12B0622ECF058000E9EF6 /* MiAguilaTransportUITests.swift */; };
/* End PBXBuildFile section */

/* Begin PBXContainerItemProxy section */
		B7A12AF822ECF058000E9EF6 /* PBXContainerItemProxy */ = {
			isa = PBXContainerItemProxy;
			containerPortal = B7A12AD822ECF057000E9EF6 /* Project object */;
			proxyType = 1;
			remoteGlobalIDString = B7A12ADF22ECF057000E9EF6;
			remoteInfo = MiAguilaTransport;
		};
		B7A12B0322ECF058000E9EF6 /* PBXContainerItemProxy */ = {
			isa = PBXContainerItemProxy;
			containerPortal = B7A12AD822ECF057000E9EF6 /* Project object */;
			proxyType = 1;
			remoteGlobalIDString = B7A12ADF22ECF057000E9EF6;
			remoteInfo = MiAguilaTransport;
		};
/* End PBXContainerItemProxy section */

/* Begin PBXFileReference section */
		B7A12AE022ECF057000E9EF6 /* MiAguilaTransport.app */ = {isa = PBXFileReference; explicitFileType = wrapper.application; includeInIndex = 0; path = MiAguilaTransport.app; sourceTree = BUILT_PRODUCTS_DIR; };
		B7A12AE322ECF057000E9EF6 /* AppDelegate.swift */ = {isa = PBXFileReference; lastKnownFileType = sourcecode.swift; path = AppDelegate.swift; sourceTree = "<group>"; };
		B7A12AE522ECF057000E9EF6 /* ViewController.swift */ = {isa = PBXFileReference; lastKnownFileType = sourcecode.swift; path = ViewController.swift; sourceTree = "<group>"; };
		B7A12AE822ECF057000E9EF6 /* Base */ = {isa = PBXFileReference; lastKnownFileType = file.storyboard; name = Base; path = Base.lproj/Main.storyboard; sourceTree = "<group>"; };
		B7A12AEB22ECF057000E9EF6 /* MiAguilaTransport.xcdatamodel */ = {isa = PBXFileReference; lastKnownFileType = wrapper.xcdatamodel; path = MiAguilaTransport.xcdatamodel; sourceTree = "<group>"; };
		B7A12AED22ECF058000E9EF6 /* Assets.xcassets */ = {isa = PBXFileReference; lastKnownFileType = folder.assetcatalog; path = Assets.xcassets; sourceTree = "<group>"; };
		B7A12AF022ECF058000E9EF6 /* Base */ = {isa = PBXFileReference; lastKnownFileType = file.storyboard; name = Base; path = Base.lproj/LaunchScreen.storyboard; sourceTree = "<group>"; };
		B7A12AF222ECF058000E9EF6 /* Info.plist */ = {isa = PBXFileReference; lastKnownFileType = text.plist.xml; path = Info.plist; sourceTree = "<group>"; };
		B7A12AF722ECF058000E9EF6 /* MiAguilaTransportTests.xctest */ = {isa = PBXFileReference; explicitFileType = wrapper.cfbundle; includeInIndex = 0; path = MiAguilaTransportTests.xctest; sourceTree = BUILT_PRODUCTS_DIR; };
		B7A12AFB22ECF058000E9EF6 /* MiAguilaTransportTests.swift */ = {isa = PBXFileReference; lastKnownFileType = sourcecode.swift; path = MiAguilaTransportTests.swift; sourceTree = "<group>"; };
		B7A12AFD22ECF058000E9EF6 /* Info.plist */ = {isa = PBXFileReference; lastKnownFileType = text.plist.xml; path = Info.plist; sourceTree = "<group>"; };
		B7A12B0222ECF058000E9EF6 /* MiAguilaTransportUITests.xctest */ = {isa = PBXFileReference; explicitFileType = wrapper.cfbundle; includeInIndex = 0; path = MiAguilaTransportUITests.xctest; sourceTree = BUILT_PRODUCTS_DIR; };
		B7A12B0622ECF058000E9EF6 /* MiAguilaTransportUITests.swift */ = {isa = PBXFileReference; lastKnownFileType = sourcecode.swift; path = MiAguilaTransportUITests.swift; sourceTree = "<group>"; };
		B7A12B0822ECF058000E9EF6 /* Info.plist */ = {isa = PBXFileReference; lastKnownFileType = text.plist.xml; path = Info.plist; sourceTree = "<group>"; };
/* End PBXFileReference section */

/* Begin PBXFrameworksBuildPhase section */
		B7A12ADD22ECF057000E9EF6 /* Frameworks */ = {
			isa = PBXFrameworksBuildPhase;
			buildActionMask = 2147483647;
			files = (
			);
			runOnlyForDeploymentPostprocessing = 0;
		};
		B7A12AF422ECF058000E9EF6 /* Frameworks */ = {
			isa = PBXFrameworksBuildPhase;
			buildActionMask = 2147483647;
			files = (
			);
			runOnlyForDeploymentPostprocessing = 0;
		};
		B7A12AFF22ECF058000E9EF6 /* Frameworks */ = {
			isa = PBXFrameworksBuildPhase;
			buildActionMask = 2147483647;
			files = (
			);
			runOnlyForDeploymentPostprocessing = 0;
		};
/* End PBXFrameworksBuildPhase section */

/* Begin PBXGroup section */
		B7A12AD722ECF057000E9EF6 = {
			isa = PBXGroup;
			children = (
				B7A12AE222ECF057000E9EF6 /* MiAguilaTransport */,
				B7A12AFA22ECF058000E9EF6 /* MiAguilaTransportTests */,
				B7A12B0522ECF058000E9EF6 /* MiAguilaTransportUITests */,
				B7A12AE122ECF057000E9EF6 /* Products */,
			);
			sourceTree = "<group>";
		};
		B7A12AE122ECF057000E9EF6 /* Products */ = {
			isa = PBXGroup;
			children = (
				B7A12AE022ECF057000E9EF6 /* MiAguilaTransport.app */,
				B7A12AF722ECF058000E9EF6 /* MiAguilaTransportTests.xctest */,
				B7A12B0222ECF058000E9EF6 /* MiAguilaTransportUITests.xctest */,
			);
			name = Products;
			sourceTree = "<group>";
		};
		B7A12AE222ECF057000E9EF6 /* MiAguilaTransport */ = {
			isa = PBXGroup;
			children = (
				B7A12AE322ECF057000E9EF6 /* AppDelegate.swift */,
				B7A12AE522ECF057000E9EF6 /* ViewController.swift */,
				B7A12AE722ECF057000E9EF6 /* Main.storyboard */,
				B7A12AED22ECF058000E9EF6 /* Assets.xcassets */,
				B7A12AEF22ECF058000E9EF6 /* LaunchScreen.storyboard */,
				B7A12AF222ECF058000E9EF6 /* Info.plist */,
				B7A12AEA22ECF057000E9EF6 /* MiAguilaTransport.xcdatamodeld */,
			);
			path = MiAguilaTransport;
			sourceTree = "<group>";
		};
		B7A12AFA22ECF058000E9EF6 /* MiAguilaTransportTests */ = {
			isa = PBXGroup;
			children = (
				B7A12AFB22ECF058000E9EF6 /* MiAguilaTransportTests.swift */,
				B7A12AFD22ECF058000E9EF6 /* Info.plist */,
			);
			path = MiAguilaTransportTests;
			sourceTree = "<group>";
		};
		B7A12B0522ECF058000E9EF6 /* MiAguilaTransportUITests */ = {
			isa = PBXGroup;
			children = (
				B7A12B0622ECF058000E9EF6 /* MiAguilaTransportUITests.swift */,
				B7A12B0822ECF058000E9EF6 /* Info.plist */,
			);
			path = MiAguilaTransportUITests;
			sourceTree = "<group>";
		};
/* End PBXGroup section */

/* Begin PBXNativeTarget section */
		B7A12ADF22ECF057000E9EF6 /* MiAguilaTransport */ = {
			isa = PBXNativeTarget;
			buildConfigurationList = B7A12B0B22ECF058000E9EF6 /* Build configuration list for PBXNativeTarget "MiAguilaTransport" */;
			buildPhases = (
				B7A12ADC22ECF057000E9EF6 /* Sources */,
				B7A12ADD22ECF057000E9EF6 /* Frameworks */,
				B7A12ADE22ECF057000E9EF6 /* Resources */,
			);
			buildRules = (
			);
			dependencies = (
			);
			name = MiAguilaTransport;
			productName = MiAguilaTransport;
			productReference = B7A12AE022ECF057000E9EF6 /* MiAguilaTransport.app */;
			productType = "com.apple.product-type.application";
		};
		B7A12AF622ECF058000E9EF6 /* MiAguilaTransportTests */ = {
			isa = PBXNativeTarget;
			buildConfigurationList = B7A12B0E22ECF058000E9EF6 /* Build configuration list for PBXNativeTarget "MiAguilaTransportTests" */;
			buildPhases = (
				B7A12AF322ECF058000E9EF6 /* Sources */,
				B7A12AF422ECF058000E9EF6 /* Frameworks */,
				B7A12AF522ECF058000E9EF6 /* Resources */,
			);
			buildRules = (
			);
			dependencies = (
				B7A12AF922ECF058000E9EF6 /* PBXTargetDependency */,
			);
			name = MiAguilaTransportTests;
			productName = MiAguilaTransportTests;
			productReference = B7A12AF722ECF058000E9EF6 /* MiAguilaTransportTests.xctest */;
			productType = "com.apple.product-type.bundle.unit-test";
		};
		B7A12B0122ECF058000E9EF6 /* MiAguilaTransportUITests */ = {
			isa = PBXNativeTarget;
			buildConfigurationList = B7A12B1122ECF058000E9EF6 /* Build configuration list for PBXNativeTarget "MiAguilaTransportUITests" */;
			buildPhases = (
				B7A12AFE22ECF058000E9EF6 /* Sources */,
				B7A12AFF22ECF058000E9EF6 /* Frameworks */,
				B7A12B0022ECF058000E9EF6 /* Resources */,
			);
			buildRules = (
			);
			dependencies = (
				B7A12B0422ECF058000E9EF6 /* PBXTargetDependency */,
			);
			name = MiAguilaTransportUITests;
			productName = MiAguilaTransportUITests;
			productReference = B7A12B0222ECF058000E9EF6 /* MiAguilaTransportUITests.xctest */;
			productType = "com.apple.product-type.bundle.ui-testing";
		};
/* End PBXNativeTarget section */

/* Begin PBXProject section */
		B7A12AD822ECF057000E9EF6 /* Project object */ = {
			isa = PBXProject;
			attributes = {
				LastSwiftUpdateCheck = 1020;
				LastUpgradeCheck = 1020;
				ORGANIZATIONNAME = "Diego Fernando Cuesta";
				TargetAttributes = {
					B7A12ADF22ECF057000E9EF6 = {
						CreatedOnToolsVersion = 10.2;
					};
					B7A12AF622ECF058000E9EF6 = {
						CreatedOnToolsVersion = 10.2;
						TestTargetID = B7A12ADF22ECF057000E9EF6;
					};
					B7A12B0122ECF058000E9EF6 = {
						CreatedOnToolsVersion = 10.2;
						TestTargetID = B7A12ADF22ECF057000E9EF6;
					};
				};
			};
			buildConfigurationList = B7A12ADB22ECF057000E9EF6 /* Build configuration list for PBXProject "MiAguilaTransport" */;
			compatibilityVersion = "Xcode 9.3";
			developmentRegion = en;
			hasScannedForEncodings = 0;
			knownRegions = (
				en,
				Base,
			);
			mainGroup = B7A12AD722ECF057000E9EF6;
			productRefGroup = B7A12AE122ECF057000E9EF6 /* Products */;
			projectDirPath = "";
			projectRoot = "";
			targets = (
				B7A12ADF22ECF057000E9EF6 /* MiAguilaTransport */,
				B7A12AF622ECF058000E9EF6 /* MiAguilaTransportTests */,
				B7A12B0122ECF058000E9EF6 /* MiAguilaTransportUITests */,
			);
		};
/* End PBXProject section */

/* Begin PBXResourcesBuildPhase section */
		B7A12ADE22ECF057000E9EF6 /* Resources */ = {
			isa = PBXResourcesBuildPhase;
			buildActionMask = 2147483647;
			files = (
				B7A12AF122ECF058000E9EF6 /* LaunchScreen.storyboard in Resources */,
				B7A12AEE22ECF058000E9EF6 /* Assets.xcassets in Resources */,
				B7A12AE922ECF057000E9EF6 /* Main.storyboard in Resources */,
			);
			runOnlyForDeploymentPostprocessing = 0;
		};
		B7A12AF522ECF058000E9EF6 /* Resources */ = {
			isa = PBXResourcesBuildPhase;
			buildActionMask = 2147483647;
			files = (
			);
			runOnlyForDeploymentPostprocessing = 0;
		};
		B7A12B0022ECF058000E9EF6 /* Resources */ = {
			isa = PBXResourcesBuildPhase;
			buildActionMask = 2147483647;
			files = (
			);
			runOnlyForDeploymentPostprocessing = 0;
		};
/* End PBXResourcesBuildPhase section */

/* Begin PBXSourcesBuildPhase section */
		B7A12ADC22ECF057000E9EF6 /* Sources */ = {
			isa = PBXSourcesBuildPhase;
			buildActionMask = 2147483647;
			files = (
				B7A12AE622ECF057000E9EF6 /* ViewController.swift in Sources */,
				B7A12AE422ECF057000E9EF6 /* AppDelegate.swift in Sources */,
				B7A12AEC22ECF057000E9EF6 /* MiAguilaTransport.xcdatamodeld in Sources */,
			);
			runOnlyForDeploymentPostprocessing = 0;
		};
		B7A12AF322ECF058000E9EF6 /* Sources */ = {
			isa = PBXSourcesBuildPhase;
			buildActionMask = 2147483647;
			files = (
				B7A12AFC22ECF058000E9EF6 /* MiAguilaTransportTests.swift in Sources */,
			);
			runOnlyForDeploymentPostprocessing = 0;
		};
		B7A12AFE22ECF058000E9EF6 /* Sources */ = {
			isa = PBXSourcesBuildPhase;
			buildActionMask = 2147483647;
			files = (
				B7A12B0722ECF058000E9EF6 /* MiAguilaTransportUITests.swift in Sources */,
			);
			runOnlyForDeploymentPostprocessing = 0;
		};
/* End PBXSourcesBuildPhase section */

/* Begin PBXTargetDependency section */
		B7A12AF922ECF058000E9EF6 /* PBXTargetDependency */ = {
			isa = PBXTargetDependency;
			target = B7A12ADF22ECF057000E9EF6 /* MiAguilaTransport */;
			targetProxy = B7A12AF822ECF058000E9EF6 /* PBXContainerItemProxy */;
		};
		B7A12B0422ECF058000E9EF6 /* PBXTargetDependency */ = {
			isa = PBXTargetDependency;
			target = B7A12ADF22ECF057000E9EF6 /* MiAguilaTransport */;
			targetProxy = B7A12B0322ECF058000E9EF6 /* PBXContainerItemProxy */;
		};
/* End PBXTargetDependency section */

/* Begin PBXVariantGroup section */
		B7A12AE722ECF057000E9EF6 /* Main.storyboard */ = {
			isa = PBXVariantGroup;
			children = (
				B7A12AE822ECF057000E9EF6 /* Base */,
			);
			name = Main.storyboard;
			sourceTree = "<group>";
		};
		B7A12AEF22ECF058000E9EF6 /* LaunchScreen.storyboard */ = {
			isa = PBXVariantGroup;
			children = (
				B7A12AF022ECF058000E9EF6 /* Base */,
			);
			name = LaunchScreen.storyboard;
			sourceTree = "<group>";
		};
/* End PBXVariantGroup section */

/* Begin XCBuildConfiguration section */
		B7A12B0922ECF058000E9EF6 /* Debug */ = {
			isa = XCBuildConfiguration;
			buildSettings = {
				ALWAYS_SEARCH_USER_PATHS = NO;
				CLANG_ANALYZER_NONNULL = YES;
				CLANG_ANALYZER_NUMBER_OBJECT_CONVERSION = YES_AGGRESSIVE;
				CLANG_CXX_LANGUAGE_STANDARD = "gnu++14";
				CLANG_CXX_LIBRARY = "libc++";
				CLANG_ENABLE_MODULES = YES;
				CLANG_ENABLE_OBJC_ARC = YES;
				CLANG_ENABLE_OBJC_WEAK = YES;
				CLANG_WARN_BLOCK_CAPTURE_AUTORELEASING = YES;
				CLANG_WARN_BOOL_CONVERSION = YES;
				CLANG_WARN_COMMA = YES;
				CLANG_WARN_CONSTANT_CONVERSION = YES;
				CLANG_WARN_DEPRECATED_OBJC_IMPLEMENTATIONS = YES;
				CLANG_WARN_DIRECT_OBJC_ISA_USAGE = YES_ERROR;
				CLANG_WARN_DOCUMENTATION_COMMENTS = YES;
				CLANG_WARN_EMPTY_BODY = YES;
				CLANG_WARN_ENUM_CONVERSION = YES;
				CLANG_WARN_INFINITE_RECURSION = YES;
				CLANG_WARN_INT_CONVERSION = YES;
				CLANG_WARN_NON_LITERAL_NULL_CONVERSION = YES;
				CLANG_WARN_OBJC_IMPLICIT_RETAIN_SELF = YES;
				CLANG_WARN_OBJC_LITERAL_CONVERSION = YES;
				CLANG_WARN_OBJC_ROOT_CLASS = YES_ERROR;
				CLANG_WARN_RANGE_LOOP_ANALYSIS = YES;
				CLANG_WARN_STRICT_PROTOTYPES = YES;
				CLANG_WARN_SUSPICIOUS_MOVE = YES;
				CLANG_WARN_UNGUARDED_AVAILABILITY = YES_AGGRESSIVE;
				CLANG_WARN_UNREACHABLE_CODE = YES;
				CLANG_WARN__DUPLICATE_METHOD_MATCH = YES;
				CODE_SIGN_IDENTITY = "iPhone Developer";
				COPY_PHASE_STRIP = NO;
				DEBUG_INFORMATION_FORMAT = dwarf;
				ENABLE_STRICT_OBJC_MSGSEND = YES;
				ENABLE_TESTABILITY = YES;
				GCC_C_LANGUAGE_STANDARD = gnu11;
				GCC_DYNAMIC_NO_PIC = NO;
				GCC_NO_COMMON_BLOCKS = YES;
				GCC_OPTIMIZATION_LEVEL = 0;
				GCC_PREPROCESSOR_DEFINITIONS = (
					"DEBUG=1",
					"$(inherited)",
				);
				GCC_WARN_64_TO_32_BIT_CONVERSION = YES;
				GCC_WARN_ABOUT_RETURN_TYPE = YES_ERROR;
				GCC_WARN_UNDECLARED_SELECTOR = YES;
				GCC_WARN_UNINITIALIZED_AUTOS = YES_AGGRESSIVE;
				GCC_WARN_UNUSED_FUNCTION = YES;
				GCC_WARN_UNUSED_VARIABLE = YES;
				IPHONEOS_DEPLOYMENT_TARGET = 12.2;
				MTL_ENABLE_DEBUG_INFO = INCLUDE_SOURCE;
				MTL_FAST_MATH = YES;
				ONLY_ACTIVE_ARCH = YES;
				SDKROOT = iphoneos;
				SWIFT_ACTIVE_COMPILATION_CONDITIONS = DEBUG;
				SWIFT_OPTIMIZATION_LEVEL = "-Onone";
			};
			name = Debug;
		};
		B7A12B0A22ECF058000E9EF6 /* Release */ = {
			isa = XCBuildConfiguration;
			buildSettings = {
				ALWAYS_SEARCH_USER_PATHS = NO;
				CLANG_ANALYZER_NONNULL = YES;
				CLANG_ANALYZER_NUMBER_OBJECT_CONVERSION = YES_AGGRESSIVE;
				CLANG_CXX_LANGUAGE_STANDARD = "gnu++14";
				CLANG_CXX_LIBRARY = "libc++";
				CLANG_ENABLE_MODULES = YES;
				CLANG_ENABLE_OBJC_ARC = YES;
				CLANG_ENABLE_OBJC_WEAK = YES;
				CLANG_WARN_BLOCK_CAPTURE_AUTORELEASING = YES;
				CLANG_WARN_BOOL_CONVERSION = YES;
				CLANG_WARN_COMMA = YES;
				CLANG_WARN_CONSTANT_CONVERSION = YES;
				CLANG_WARN_DEPRECATED_OBJC_IMPLEMENTATIONS = YES;
				CLANG_WARN_DIRECT_OBJC_ISA_USAGE = YES_ERROR;
				CLANG_WARN_DOCUMENTATION_COMMENTS = YES;
				CLANG_WARN_EMPTY_BODY = YES;
				CLANG_WARN_ENUM_CONVERSION = YES;
				CLANG_WARN_INFINITE_RECURSION = YES;
				CLANG_WARN_INT_CONVERSION = YES;
				CLANG_WARN_NON_LITERAL_NULL_CONVERSION = YES;
				CLANG_WARN_OBJC_IMPLICIT_RETAIN_SELF = YES;
				CLANG_WARN_OBJC_LITERAL_CONVERSION = YES;
				CLANG_WARN_OBJC_ROOT_CLASS = YES_ERROR;
				CLANG_WARN_RANGE_LOOP_ANALYSIS = YES;
				CLANG_WARN_STRICT_PROTOTYPES = YES;
				CLANG_WARN_SUSPICIOUS_MOVE = YES;
				CLANG_WARN_UNGUARDED_AVAILABILITY = YES_AGGRESSIVE;
				CLANG_WARN_UNREACHABLE_CODE = YES;
				CLANG_WARN__DUPLICATE_METHOD_MATCH = YES;
				CODE_SIGN_IDENTITY = "iPhone Developer";
				COPY_PHASE_STRIP = NO;
				DEBUG_INFORMATION_FORMAT = "dwarf-with-dsym";
				ENABLE_NS_ASSERTIONS = NO;
				ENABLE_STRICT_OBJC_MSGSEND = YES;
				GCC_C_LANGUAGE_STANDARD = gnu11;
				GCC_NO_COMMON_BLOCKS = YES;
				GCC_WARN_64_TO_32_BIT_CONVERSION = YES;
				GCC_WARN_ABOUT_RETURN_TYPE = YES_ERROR;
				GCC_WARN_UNDECLARED_SELECTOR = YES;
				GCC_WARN_UNINITIALIZED_AUTOS = YES_AGGRESSIVE;
				GCC_WARN_UNUSED_FUNCTION = YES;
				GCC_WARN_UNUSED_VARIABLE = YES;
				IPHONEOS_DEPLOYMENT_TARGET = 12.2;
				MTL_ENABLE_DEBUG_INFO = NO;
				MTL_FAST_MATH = YES;
				SDKROOT = iphoneos;
				SWIFT_COMPILATION_MODE = wholemodule;
				SWIFT_OPTIMIZATION_LEVEL = "-O";
				VALIDATE_PRODUCT = YES;
			};
			name = Release;
		};
		B7A12B0C22ECF058000E9EF6 /* Debug */ = {
			isa = XCBuildConfiguration;
			buildSettings = {
				ASSETCATALOG_COMPILER_APPICON_NAME = AppIcon;
				CODE_SIGN_STYLE = Automatic;
				DEVELOPMENT_TEAM = K25X85H3FB;
				INFOPLIST_FILE = MiAguilaTransport/Info.plist;
				LD_RUNPATH_SEARCH_PATHS = (
					"$(inherited)",
					"@executable_path/Frameworks",
				);
				PRODUCT_BUNDLE_IDENTIFIER = dfca.MiAguilaTransport;
				PRODUCT_NAME = "$(TARGET_NAME)";
				SWIFT_VERSION = 5.0;
				TARGETED_DEVICE_FAMILY = "1,2";
			};
			name = Debug;
		};
		B7A12B0D22ECF058000E9EF6 /* Release */ = {
			isa = XCBuildConfiguration;
			buildSettings = {
				ASSETCATALOG_COMPILER_APPICON_NAME = AppIcon;
				CODE_SIGN_STYLE = Automatic;
				DEVELOPMENT_TEAM = K25X85H3FB;
				INFOPLIST_FILE = MiAguilaTransport/Info.plist;
				LD_RUNPATH_SEARCH_PATHS = (
					"$(inherited)",
					"@executable_path/Frameworks",
				);
				PRODUCT_BUNDLE_IDENTIFIER = dfca.MiAguilaTransport;
				PRODUCT_NAME = "$(TARGET_NAME)";
				SWIFT_VERSION = 5.0;
				TARGETED_DEVICE_FAMILY = "1,2";
			};
			name = Release;
		};
		B7A12B0F22ECF058000E9EF6 /* Debug */ = {
			isa = XCBuildConfiguration;
			buildSettings = {
				ALWAYS_EMBED_SWIFT_STANDARD_LIBRARIES = YES;
				BUNDLE_LOADER = "$(TEST_HOST)";
				CODE_SIGN_STYLE = Automatic;
				DEVELOPMENT_TEAM = K25X85H3FB;
				INFOPLIST_FILE = MiAguilaTransportTests/Info.plist;
				LD_RUNPATH_SEARCH_PATHS = (
					"$(inherited)",
					"@executable_path/Frameworks",
					"@loader_path/Frameworks",
				);
				PRODUCT_BUNDLE_IDENTIFIER = dfca.MiAguilaTransportTests;
				PRODUCT_NAME = "$(TARGET_NAME)";
				SWIFT_VERSION = 5.0;
				TARGETED_DEVICE_FAMILY = "1,2";
				TEST_HOST = "$(BUILT_PRODUCTS_DIR)/MiAguilaTransport.app/MiAguilaTransport";
			};
			name = Debug;
		};
		B7A12B1022ECF058000E9EF6 /* Release */ = {
			isa = XCBuildConfiguration;
			buildSettings = {
				ALWAYS_EMBED_SWIFT_STANDARD_LIBRARIES = YES;
				BUNDLE_LOADER = "$(TEST_HOST)";
				CODE_SIGN_STYLE = Automatic;
				DEVELOPMENT_TEAM = K25X85H3FB;
				INFOPLIST_FILE = MiAguilaTransportTests/Info.plist;
				LD_RUNPATH_SEARCH_PATHS = (
					"$(inherited)",
					"@executable_path/Frameworks",
					"@loader_path/Frameworks",
				);
				PRODUCT_BUNDLE_IDENTIFIER = dfca.MiAguilaTransportTests;
				PRODUCT_NAME = "$(TARGET_NAME)";
				SWIFT_VERSION = 5.0;
				TARGETED_DEVICE_FAMILY = "1,2";
				TEST_HOST = "$(BUILT_PRODUCTS_DIR)/MiAguilaTransport.app/MiAguilaTransport";
			};
			name = Release;
		};
		B7A12B1222ECF058000E9EF6 /* Debug */ = {
			isa = XCBuildConfiguration;
			buildSettings = {
				ALWAYS_EMBED_SWIFT_STANDARD_LIBRARIES = YES;
				CODE_SIGN_STYLE = Automatic;
				DEVELOPMENT_TEAM = K25X85H3FB;
				INFOPLIST_FILE = MiAguilaTransportUITests/Info.plist;
				LD_RUNPATH_SEARCH_PATHS = (
					"$(inherited)",
					"@executable_path/Frameworks",
					"@loader_path/Frameworks",
				);
				PRODUCT_BUNDLE_IDENTIFIER = dfca.MiAguilaTransportUITests;
				PRODUCT_NAME = "$(TARGET_NAME)";
				SWIFT_VERSION = 5.0;
				TARGETED_DEVICE_FAMILY = "1,2";
				TEST_TARGET_NAME = MiAguilaTransport;
			};
			name = Debug;
		};
		B7A12B1322ECF058000E9EF6 /* Release */ = {
			isa = XCBuildConfiguration;
			buildSettings = {
				ALWAYS_EMBED_SWIFT_STANDARD_LIBRARIES = YES;
				CODE_SIGN_STYLE = Automatic;
				DEVELOPMENT_TEAM = K25X85H3FB;
				INFOPLIST_FILE = MiAguilaTransportUITests/Info.plist;
				LD_RUNPATH_SEARCH_PATHS = (
					"$(inherited)",
					"@executable_path/Frameworks",
					"@loader_path/Frameworks",
				);
				PRODUCT_BUNDLE_IDENTIFIER = dfca.MiAguilaTransportUITests;
				PRODUCT_NAME = "$(TARGET_NAME)";
				SWIFT_VERSION = 5.0;
				TARGETED_DEVICE_FAMILY = "1,2";
				TEST_TARGET_NAME = MiAguilaTransport;
			};
			name = Release;
		};
/* End XCBuildConfiguration section */

/* Begin XCConfigurationList section */
		B7A12ADB22ECF057000E9EF6 /* Build configuration list for PBXProject "MiAguilaTransport" */ = {
			isa = XCConfigurationList;
			buildConfigurations = (
				B7A12B0922ECF058000E9EF6 /* Debug */,
				B7A12B0A22ECF058000E9EF6 /* Release */,
			);
			defaultConfigurationIsVisible = 0;
			defaultConfigurationName = Release;
		};
		B7A12B0B22ECF058000E9EF6 /* Build configuration list for PBXNativeTarget "MiAguilaTransport" */ = {
			isa = XCConfigurationList;
			buildConfigurations = (
				B7A12B0C22ECF058000E9EF6 /* Debug */,
				B7A12B0D22ECF058000E9EF6 /* Release */,
			);
			defaultConfigurationIsVisible = 0;
			defaultConfigurationName = Release;
		};
		B7A12B0E22ECF058000E9EF6 /* Build configuration list for PBXNativeTarget "MiAguilaTransportTests" */ = {
			isa = XCConfigurationList;
			buildConfigurations = (
				B7A12B0F22ECF058000E9EF6 /* Debug */,
				B7A12B1022ECF058000E9EF6 /* Release */,
			);
			defaultConfigurationIsVisible = 0;
			defaultConfigurationName = Release;
		};
		B7A12B1122ECF058000E9EF6 /* Build configuration list for PBXNativeTarget "MiAguilaTransportUITests" */ = {
			isa = XCConfigurationList;
			buildConfigurations = (
				B7A12B1222ECF058000E9EF6 /* Debug */,
				B7A12B1322ECF058000E9EF6 /* Release */,
			);
			defaultConfigurationIsVisible = 0;
			defaultConfigurationName = Release;
		};
/* End XCConfigurationList section */

/* Begin XCVersionGroup section */
		B7A12AEA22ECF057000E9EF6 /* MiAguilaTransport.xcdatamodeld */ = {
			isa = XCVersionGroup;
			children = (
				B7A12AEB22ECF057000E9EF6 /* MiAguilaTransport.xcdatamodel */,
			);
			currentVersion = B7A12AEB22ECF057000E9EF6 /* MiAguilaTransport.xcdatamodel */;
			path = MiAguilaTransport.xcdatamodeld;
			sourceTree = "<group>";
			versionGroupType = wrapper.xcdatamodel;
		};
/* End XCVersionGroup section */
	};
	rootObject = B7A12AD822ECF057000E9EF6 /* Project object */;
}
